// !$*UTF8*$!
{
	archiveVersion = 1;
	classes = {
	};
	objectVersion = 56;
	objects = {

/* Begin PBXBuildFile section */
		6F40DB6A28D6EADC00FB290E /* UICollectionViewDiffableDataSource+.swift in Sources */ = {isa = PBXBuildFile; fileRef = 6F40DB6928D6EADC00FB290E /* UICollectionViewDiffableDataSource+.swift */; };
		6F76F9B228B1C35900C82164 /* UICollectionViewCompositionalLayout+.swift in Sources */ = {isa = PBXBuildFile; fileRef = 6F76F9B128B1C35900C82164 /* UICollectionViewCompositionalLayout+.swift */; };
		6F76F9B528B28C2900C82164 /* UserPhotosListProvider.swift in Sources */ = {isa = PBXBuildFile; fileRef = 6F76F9B428B28C2900C82164 /* UserPhotosListProvider.swift */; };
		6F76F9B828B2D0E000C82164 /* PhotoViewerViewController.swift in Sources */ = {isa = PBXBuildFile; fileRef = 6F76F9B728B2D0E000C82164 /* PhotoViewerViewController.swift */; };
		6F76F9BA28B2D10200C82164 /* UserPhotoProvider.swift in Sources */ = {isa = PBXBuildFile; fileRef = 6F76F9B928B2D10200C82164 /* UserPhotoProvider.swift */; };
		6F76F9BD28B2D7CE00C82164 /* ImageSizeScaler.swift in Sources */ = {isa = PBXBuildFile; fileRef = 6F76F9BC28B2D7CE00C82164 /* ImageSizeScaler.swift */; };
		6F76F9BF28B3DB0D00C82164 /* VisionAttentionSaliencyImageService.swift in Sources */ = {isa = PBXBuildFile; fileRef = 6F76F9BE28B3DB0D00C82164 /* VisionAttentionSaliencyImageService.swift */; };
		6F76F9C128B3E02A00C82164 /* PhotoViewImageContentMode.swift in Sources */ = {isa = PBXBuildFile; fileRef = 6F76F9C028B3E02A00C82164 /* PhotoViewImageContentMode.swift */; };
		6F76F9C528B3E06300C82164 /* PhotoViewerUIHelper.swift in Sources */ = {isa = PBXBuildFile; fileRef = 6F76F9C428B3E06300C82164 /* PhotoViewerUIHelper.swift */; };
		6FCFCC2A28B197C500500695 /* AppDelegate.swift in Sources */ = {isa = PBXBuildFile; fileRef = 6FCFCC2928B197C500500695 /* AppDelegate.swift */; };
		6FCFCC2C28B197C500500695 /* SceneDelegate.swift in Sources */ = {isa = PBXBuildFile; fileRef = 6FCFCC2B28B197C500500695 /* SceneDelegate.swift */; };
		6FCFCC2E28B197C500500695 /* PhotosGridViewController.swift in Sources */ = {isa = PBXBuildFile; fileRef = 6FCFCC2D28B197C500500695 /* PhotosGridViewController.swift */; };
		6FCFCC3328B197C600500695 /* Assets.xcassets in Resources */ = {isa = PBXBuildFile; fileRef = 6FCFCC3228B197C600500695 /* Assets.xcassets */; };
		6FCFCC3628B197C600500695 /* LaunchScreen.storyboard in Resources */ = {isa = PBXBuildFile; fileRef = 6FCFCC3428B197C600500695 /* LaunchScreen.storyboard */; };
		6FCFCC4128B197C600500695 /* Photos_Test_AssessmentTests.swift in Sources */ = {isa = PBXBuildFile; fileRef = 6FCFCC4028B197C600500695 /* Photos_Test_AssessmentTests.swift */; };
		6FCFCC4B28B197C600500695 /* Photos_Test_AssessmentUITests.swift in Sources */ = {isa = PBXBuildFile; fileRef = 6FCFCC4A28B197C600500695 /* Photos_Test_AssessmentUITests.swift */; };
		6FCFCC4D28B197C600500695 /* Photos_Test_AssessmentUITestsLaunchTests.swift in Sources */ = {isa = PBXBuildFile; fileRef = 6FCFCC4C28B197C600500695 /* Photos_Test_AssessmentUITestsLaunchTests.swift */; };
		6FCFCC5B28B1A03400500695 /* NSLayoutDimension+.swift in Sources */ = {isa = PBXBuildFile; fileRef = 6FCFCC5A28B1A03400500695 /* NSLayoutDimension+.swift */; };
		6FCFCC5D28B1A06D00500695 /* NSLayoutAnchor+.swift in Sources */ = {isa = PBXBuildFile; fileRef = 6FCFCC5C28B1A06D00500695 /* NSLayoutAnchor+.swift */; };
		6FCFCC5F28B1A0A700500695 /* UIView+Layout.swift in Sources */ = {isa = PBXBuildFile; fileRef = 6FCFCC5E28B1A0A700500695 /* UIView+Layout.swift */; };
		6FCFCC6128B1A0E500500695 /* UIViewController+.swift in Sources */ = {isa = PBXBuildFile; fileRef = 6FCFCC6028B1A0E400500695 /* UIViewController+.swift */; };
		6FCFCC6528B1A1EF00500695 /* PhotosFlow.swift in Sources */ = {isa = PBXBuildFile; fileRef = 6FCFCC6428B1A1EF00500695 /* PhotosFlow.swift */; };
		6FCFCC6B28B1B37900500695 /* GridPhotoView.swift in Sources */ = {isa = PBXBuildFile; fileRef = 6FCFCC6A28B1B37900500695 /* GridPhotoView.swift */; };
/* End PBXBuildFile section */

/* Begin PBXContainerItemProxy section */
		6FCFCC3D28B197C600500695 /* PBXContainerItemProxy */ = {
			isa = PBXContainerItemProxy;
			containerPortal = 6FCFCC1E28B197C500500695 /* Project object */;
			proxyType = 1;
			remoteGlobalIDString = 6FCFCC2528B197C500500695;
			remoteInfo = "Photos Test Assessment";
		};
		6FCFCC4728B197C600500695 /* PBXContainerItemProxy */ = {
			isa = PBXContainerItemProxy;
			containerPortal = 6FCFCC1E28B197C500500695 /* Project object */;
			proxyType = 1;
			remoteGlobalIDString = 6FCFCC2528B197C500500695;
			remoteInfo = "Photos Test Assessment";
		};
/* End PBXContainerItemProxy section */

/* Begin PBXFileReference section */
		6F40DB6928D6EADC00FB290E /* UICollectionViewDiffableDataSource+.swift */ = {isa = PBXFileReference; lastKnownFileType = sourcecode.swift; path = "UICollectionViewDiffableDataSource+.swift"; sourceTree = "<group>"; };
		6F76F9B128B1C35900C82164 /* UICollectionViewCompositionalLayout+.swift */ = {isa = PBXFileReference; lastKnownFileType = sourcecode.swift; path = "UICollectionViewCompositionalLayout+.swift"; sourceTree = "<group>"; };
		6F76F9B428B28C2900C82164 /* UserPhotosListProvider.swift */ = {isa = PBXFileReference; lastKnownFileType = sourcecode.swift; path = UserPhotosListProvider.swift; sourceTree = "<group>"; };
		6F76F9B728B2D0E000C82164 /* PhotoViewerViewController.swift */ = {isa = PBXFileReference; lastKnownFileType = sourcecode.swift; path = PhotoViewerViewController.swift; sourceTree = "<group>"; };
		6F76F9B928B2D10200C82164 /* UserPhotoProvider.swift */ = {isa = PBXFileReference; lastKnownFileType = sourcecode.swift; path = UserPhotoProvider.swift; sourceTree = "<group>"; };
		6F76F9BC28B2D7CE00C82164 /* ImageSizeScaler.swift */ = {isa = PBXFileReference; lastKnownFileType = sourcecode.swift; path = ImageSizeScaler.swift; sourceTree = "<group>"; };
		6F76F9BE28B3DB0D00C82164 /* VisionAttentionSaliencyImageService.swift */ = {isa = PBXFileReference; lastKnownFileType = sourcecode.swift; path = VisionAttentionSaliencyImageService.swift; sourceTree = "<group>"; };
		6F76F9C028B3E02A00C82164 /* PhotoViewImageContentMode.swift */ = {isa = PBXFileReference; lastKnownFileType = sourcecode.swift; path = PhotoViewImageContentMode.swift; sourceTree = "<group>"; };
		6F76F9C428B3E06300C82164 /* PhotoViewerUIHelper.swift */ = {isa = PBXFileReference; lastKnownFileType = sourcecode.swift; path = PhotoViewerUIHelper.swift; sourceTree = "<group>"; };
		6FCFCC2628B197C500500695 /* Photos Test Assessment.app */ = {isa = PBXFileReference; explicitFileType = wrapper.application; includeInIndex = 0; path = "Photos Test Assessment.app"; sourceTree = BUILT_PRODUCTS_DIR; };
		6FCFCC2928B197C500500695 /* AppDelegate.swift */ = {isa = PBXFileReference; lastKnownFileType = sourcecode.swift; path = AppDelegate.swift; sourceTree = "<group>"; };
		6FCFCC2B28B197C500500695 /* SceneDelegate.swift */ = {isa = PBXFileReference; lastKnownFileType = sourcecode.swift; path = SceneDelegate.swift; sourceTree = "<group>"; };
		6FCFCC2D28B197C500500695 /* PhotosGridViewController.swift */ = {isa = PBXFileReference; lastKnownFileType = sourcecode.swift; path = PhotosGridViewController.swift; sourceTree = "<group>"; };
		6FCFCC3228B197C600500695 /* Assets.xcassets */ = {isa = PBXFileReference; lastKnownFileType = folder.assetcatalog; path = Assets.xcassets; sourceTree = "<group>"; };
		6FCFCC3528B197C600500695 /* Base */ = {isa = PBXFileReference; lastKnownFileType = file.storyboard; name = Base; path = Base.lproj/LaunchScreen.storyboard; sourceTree = "<group>"; };
		6FCFCC3728B197C600500695 /* Info.plist */ = {isa = PBXFileReference; lastKnownFileType = text.plist.xml; path = Info.plist; sourceTree = "<group>"; };
		6FCFCC3C28B197C600500695 /* Photos Test AssessmentTests.xctest */ = {isa = PBXFileReference; explicitFileType = wrapper.cfbundle; includeInIndex = 0; path = "Photos Test AssessmentTests.xctest"; sourceTree = BUILT_PRODUCTS_DIR; };
		6FCFCC4028B197C600500695 /* Photos_Test_AssessmentTests.swift */ = {isa = PBXFileReference; lastKnownFileType = sourcecode.swift; path = Photos_Test_AssessmentTests.swift; sourceTree = "<group>"; };
		6FCFCC4628B197C600500695 /* Photos Test AssessmentUITests.xctest */ = {isa = PBXFileReference; explicitFileType = wrapper.cfbundle; includeInIndex = 0; path = "Photos Test AssessmentUITests.xctest"; sourceTree = BUILT_PRODUCTS_DIR; };
		6FCFCC4A28B197C600500695 /* Photos_Test_AssessmentUITests.swift */ = {isa = PBXFileReference; lastKnownFileType = sourcecode.swift; path = Photos_Test_AssessmentUITests.swift; sourceTree = "<group>"; };
		6FCFCC4C28B197C600500695 /* Photos_Test_AssessmentUITestsLaunchTests.swift */ = {isa = PBXFileReference; lastKnownFileType = sourcecode.swift; path = Photos_Test_AssessmentUITestsLaunchTests.swift; sourceTree = "<group>"; };
		6FCFCC5A28B1A03400500695 /* NSLayoutDimension+.swift */ = {isa = PBXFileReference; lastKnownFileType = sourcecode.swift; path = "NSLayoutDimension+.swift"; sourceTree = "<group>"; };
		6FCFCC5C28B1A06D00500695 /* NSLayoutAnchor+.swift */ = {isa = PBXFileReference; lastKnownFileType = sourcecode.swift; path = "NSLayoutAnchor+.swift"; sourceTree = "<group>"; };
		6FCFCC5E28B1A0A700500695 /* UIView+Layout.swift */ = {isa = PBXFileReference; lastKnownFileType = sourcecode.swift; path = "UIView+Layout.swift"; sourceTree = "<group>"; };
		6FCFCC6028B1A0E400500695 /* UIViewController+.swift */ = {isa = PBXFileReference; lastKnownFileType = sourcecode.swift; path = "UIViewController+.swift"; sourceTree = "<group>"; };
		6FCFCC6428B1A1EF00500695 /* PhotosFlow.swift */ = {isa = PBXFileReference; lastKnownFileType = sourcecode.swift; path = PhotosFlow.swift; sourceTree = "<group>"; };
		6FCFCC6A28B1B37900500695 /* GridPhotoView.swift */ = {isa = PBXFileReference; lastKnownFileType = sourcecode.swift; path = GridPhotoView.swift; sourceTree = "<group>"; };
/* End PBXFileReference section */

/* Begin PBXFrameworksBuildPhase section */
		6FCFCC2328B197C500500695 /* Frameworks */ = {
			isa = PBXFrameworksBuildPhase;
			buildActionMask = 2147483647;
			files = (
			);
			runOnlyForDeploymentPostprocessing = 0;
		};
		6FCFCC3928B197C600500695 /* Frameworks */ = {
			isa = PBXFrameworksBuildPhase;
			buildActionMask = 2147483647;
			files = (
			);
			runOnlyForDeploymentPostprocessing = 0;
		};
		6FCFCC4328B197C600500695 /* Frameworks */ = {
			isa = PBXFrameworksBuildPhase;
			buildActionMask = 2147483647;
			files = (
			);
			runOnlyForDeploymentPostprocessing = 0;
		};
/* End PBXFrameworksBuildPhase section */

/* Begin PBXGroup section */
		6F76F9B328B28C1700C82164 /* Services */ = {
			isa = PBXGroup;
			children = (
				6F76F9B428B28C2900C82164 /* UserPhotosListProvider.swift */,
				6F76F9B928B2D10200C82164 /* UserPhotoProvider.swift */,
				6F76F9BE28B3DB0D00C82164 /* VisionAttentionSaliencyImageService.swift */,
			);
			path = Services;
			sourceTree = "<group>";
		};
		6F76F9B628B2D0D100C82164 /* PhotoViewer */ = {
			isa = PBXGroup;
			children = (
				6F76F9C328B3E05800C82164 /* Helpers */,
				6F76F9C228B3E03800C82164 /* Models */,
				6F76F9B728B2D0E000C82164 /* PhotoViewerViewController.swift */,
			);
			path = PhotoViewer;
			sourceTree = "<group>";
		};
		6F76F9BB28B2D7BF00C82164 /* Helpers */ = {
			isa = PBXGroup;
			children = (
				6F76F9BC28B2D7CE00C82164 /* ImageSizeScaler.swift */,
			);
			path = Helpers;
			sourceTree = "<group>";
		};
		6F76F9C228B3E03800C82164 /* Models */ = {
			isa = PBXGroup;
			children = (
				6F76F9C028B3E02A00C82164 /* PhotoViewImageContentMode.swift */,
			);
			path = Models;
			sourceTree = "<group>";
		};
		6F76F9C328B3E05800C82164 /* Helpers */ = {
			isa = PBXGroup;
			children = (
				6F76F9C428B3E06300C82164 /* PhotoViewerUIHelper.swift */,
			);
			path = Helpers;
			sourceTree = "<group>";
		};
		6FCFCC1D28B197C500500695 = {
			isa = PBXGroup;
			children = (
				6FCFCC2828B197C500500695 /* Photos Test Assessment */,
				6FCFCC3F28B197C600500695 /* Photos Test AssessmentTests */,
				6FCFCC4928B197C600500695 /* Photos Test AssessmentUITests */,
				6FCFCC2728B197C500500695 /* Products */,
			);
			sourceTree = "<group>";
		};
		6FCFCC2728B197C500500695 /* Products */ = {
			isa = PBXGroup;
			children = (
				6FCFCC2628B197C500500695 /* Photos Test Assessment.app */,
				6FCFCC3C28B197C600500695 /* Photos Test AssessmentTests.xctest */,
				6FCFCC4628B197C600500695 /* Photos Test AssessmentUITests.xctest */,
			);
			name = Products;
			sourceTree = "<group>";
		};
		6FCFCC2828B197C500500695 /* Photos Test Assessment */ = {
			isa = PBXGroup;
			children = (
				6F76F9BB28B2D7BF00C82164 /* Helpers */,
				6F76F9B328B28C1700C82164 /* Services */,
				6FCFCC6628B1A20800500695 /* UI */,
				6FCFCC6228B1A1B800500695 /* Flows */,
				6FCFCC5928B1A01100500695 /* Extensions */,
				6FCFCC2928B197C500500695 /* AppDelegate.swift */,
				6FCFCC2B28B197C500500695 /* SceneDelegate.swift */,
				6FCFCC3228B197C600500695 /* Assets.xcassets */,
				6FCFCC3428B197C600500695 /* LaunchScreen.storyboard */,
				6FCFCC3728B197C600500695 /* Info.plist */,
			);
			path = "Photos Test Assessment";
			sourceTree = "<group>";
		};
		6FCFCC3F28B197C600500695 /* Photos Test AssessmentTests */ = {
			isa = PBXGroup;
			children = (
				6FCFCC4028B197C600500695 /* Photos_Test_AssessmentTests.swift */,
			);
			path = "Photos Test AssessmentTests";
			sourceTree = "<group>";
		};
		6FCFCC4928B197C600500695 /* Photos Test AssessmentUITests */ = {
			isa = PBXGroup;
			children = (
				6FCFCC4A28B197C600500695 /* Photos_Test_AssessmentUITests.swift */,
				6FCFCC4C28B197C600500695 /* Photos_Test_AssessmentUITestsLaunchTests.swift */,
			);
			path = "Photos Test AssessmentUITests";
			sourceTree = "<group>";
		};
		6FCFCC5928B1A01100500695 /* Extensions */ = {
			isa = PBXGroup;
			children = (
				6FCFCC5A28B1A03400500695 /* NSLayoutDimension+.swift */,
				6FCFCC5C28B1A06D00500695 /* NSLayoutAnchor+.swift */,
				6FCFCC5E28B1A0A700500695 /* UIView+Layout.swift */,
				6FCFCC6028B1A0E400500695 /* UIViewController+.swift */,
				6F76F9B128B1C35900C82164 /* UICollectionViewCompositionalLayout+.swift */,
				6F40DB6928D6EADC00FB290E /* UICollectionViewDiffableDataSource+.swift */,
			);
			path = Extensions;
			sourceTree = "<group>";
		};
		6FCFCC6228B1A1B800500695 /* Flows */ = {
			isa = PBXGroup;
			children = (
				6FCFCC6428B1A1EF00500695 /* PhotosFlow.swift */,
			);
			path = Flows;
			sourceTree = "<group>";
		};
		6FCFCC6628B1A20800500695 /* UI */ = {
			isa = PBXGroup;
			children = (
				6F76F9B628B2D0D100C82164 /* PhotoViewer */,
				6FCFCC6728B1A21B00500695 /* PhotosGrid */,
			);
			path = UI;
			sourceTree = "<group>";
		};
		6FCFCC6728B1A21B00500695 /* PhotosGrid */ = {
			isa = PBXGroup;
			children = (
				6FCFCC2D28B197C500500695 /* PhotosGridViewController.swift */,
				6FCFCC6A28B1B37900500695 /* GridPhotoView.swift */,
			);
			path = PhotosGrid;
			sourceTree = "<group>";
		};
/* End PBXGroup section */

/* Begin PBXNativeTarget section */
		6FCFCC2528B197C500500695 /* Photos Test Assessment */ = {
			isa = PBXNativeTarget;
			buildConfigurationList = 6FCFCC5028B197C600500695 /* Build configuration list for PBXNativeTarget "Photos Test Assessment" */;
			buildPhases = (
				6FCFCC2228B197C500500695 /* Sources */,
				6FCFCC2328B197C500500695 /* Frameworks */,
				6FCFCC2428B197C500500695 /* Resources */,
			);
			buildRules = (
			);
			dependencies = (
			);
			name = "Photos Test Assessment";
			productName = "Photos Test Assessment";
			productReference = 6FCFCC2628B197C500500695 /* Photos Test Assessment.app */;
			productType = "com.apple.product-type.application";
		};
		6FCFCC3B28B197C600500695 /* Photos Test AssessmentTests */ = {
			isa = PBXNativeTarget;
			buildConfigurationList = 6FCFCC5328B197C600500695 /* Build configuration list for PBXNativeTarget "Photos Test AssessmentTests" */;
			buildPhases = (
				6FCFCC3828B197C600500695 /* Sources */,
				6FCFCC3928B197C600500695 /* Frameworks */,
				6FCFCC3A28B197C600500695 /* Resources */,
			);
			buildRules = (
			);
			dependencies = (
				6FCFCC3E28B197C600500695 /* PBXTargetDependency */,
			);
			name = "Photos Test AssessmentTests";
			productName = "Photos Test AssessmentTests";
			productReference = 6FCFCC3C28B197C600500695 /* Photos Test AssessmentTests.xctest */;
			productType = "com.apple.product-type.bundle.unit-test";
		};
		6FCFCC4528B197C600500695 /* Photos Test AssessmentUITests */ = {
			isa = PBXNativeTarget;
			buildConfigurationList = 6FCFCC5628B197C600500695 /* Build configuration list for PBXNativeTarget "Photos Test AssessmentUITests" */;
			buildPhases = (
				6FCFCC4228B197C600500695 /* Sources */,
				6FCFCC4328B197C600500695 /* Frameworks */,
				6FCFCC4428B197C600500695 /* Resources */,
			);
			buildRules = (
			);
			dependencies = (
				6FCFCC4828B197C600500695 /* PBXTargetDependency */,
			);
			name = "Photos Test AssessmentUITests";
			productName = "Photos Test AssessmentUITests";
			productReference = 6FCFCC4628B197C600500695 /* Photos Test AssessmentUITests.xctest */;
			productType = "com.apple.product-type.bundle.ui-testing";
		};
/* End PBXNativeTarget section */

/* Begin PBXProject section */
		6FCFCC1E28B197C500500695 /* Project object */ = {
			isa = PBXProject;
			attributes = {
				BuildIndependentTargetsInParallel = 1;
				LastSwiftUpdateCheck = 1400;
				LastUpgradeCheck = 1400;
				TargetAttributes = {
					6FCFCC2528B197C500500695 = {
						CreatedOnToolsVersion = 14.0;
					};
					6FCFCC3B28B197C600500695 = {
						CreatedOnToolsVersion = 14.0;
						TestTargetID = 6FCFCC2528B197C500500695;
					};
					6FCFCC4528B197C600500695 = {
						CreatedOnToolsVersion = 14.0;
						TestTargetID = 6FCFCC2528B197C500500695;
					};
				};
			};
			buildConfigurationList = 6FCFCC2128B197C500500695 /* Build configuration list for PBXProject "Photos Test Assessment" */;
			compatibilityVersion = "Xcode 14.0";
			developmentRegion = en;
			hasScannedForEncodings = 0;
			knownRegions = (
				en,
				Base,
			);
			mainGroup = 6FCFCC1D28B197C500500695;
			productRefGroup = 6FCFCC2728B197C500500695 /* Products */;
			projectDirPath = "";
			projectRoot = "";
			targets = (
				6FCFCC2528B197C500500695 /* Photos Test Assessment */,
				6FCFCC3B28B197C600500695 /* Photos Test AssessmentTests */,
				6FCFCC4528B197C600500695 /* Photos Test AssessmentUITests */,
			);
		};
/* End PBXProject section */

/* Begin PBXResourcesBuildPhase section */
		6FCFCC2428B197C500500695 /* Resources */ = {
			isa = PBXResourcesBuildPhase;
			buildActionMask = 2147483647;
			files = (
				6FCFCC3628B197C600500695 /* LaunchScreen.storyboard in Resources */,
				6FCFCC3328B197C600500695 /* Assets.xcassets in Resources */,
			);
			runOnlyForDeploymentPostprocessing = 0;
		};
		6FCFCC3A28B197C600500695 /* Resources */ = {
			isa = PBXResourcesBuildPhase;
			buildActionMask = 2147483647;
			files = (
			);
			runOnlyForDeploymentPostprocessing = 0;
		};
		6FCFCC4428B197C600500695 /* Resources */ = {
			isa = PBXResourcesBuildPhase;
			buildActionMask = 2147483647;
			files = (
			);
			runOnlyForDeploymentPostprocessing = 0;
		};
/* End PBXResourcesBuildPhase section */

/* Begin PBXSourcesBuildPhase section */
		6FCFCC2228B197C500500695 /* Sources */ = {
			isa = PBXSourcesBuildPhase;
			buildActionMask = 2147483647;
			files = (
				6F76F9BA28B2D10200C82164 /* UserPhotoProvider.swift in Sources */,
				6FCFCC6B28B1B37900500695 /* GridPhotoView.swift in Sources */,
				6F76F9C128B3E02A00C82164 /* PhotoViewImageContentMode.swift in Sources */,
				6FCFCC6528B1A1EF00500695 /* PhotosFlow.swift in Sources */,
				6FCFCC2E28B197C500500695 /* PhotosGridViewController.swift in Sources */,
				6F76F9B528B28C2900C82164 /* UserPhotosListProvider.swift in Sources */,
				6FCFCC2A28B197C500500695 /* AppDelegate.swift in Sources */,
				6F76F9BD28B2D7CE00C82164 /* ImageSizeScaler.swift in Sources */,
				6F76F9B828B2D0E000C82164 /* PhotoViewerViewController.swift in Sources */,
				6F76F9C528B3E06300C82164 /* PhotoViewerUIHelper.swift in Sources */,
				6FCFCC5F28B1A0A700500695 /* UIView+Layout.swift in Sources */,
				6FCFCC5D28B1A06D00500695 /* NSLayoutAnchor+.swift in Sources */,
				6F76F9BF28B3DB0D00C82164 /* VisionAttentionSaliencyImageService.swift in Sources */,
				6FCFCC2C28B197C500500695 /* SceneDelegate.swift in Sources */,
				6F76F9B228B1C35900C82164 /* UICollectionViewCompositionalLayout+.swift in Sources */,
				6FCFCC5B28B1A03400500695 /* NSLayoutDimension+.swift in Sources */,
				6F40DB6A28D6EADC00FB290E /* UICollectionViewDiffableDataSource+.swift in Sources */,
				6FCFCC6128B1A0E500500695 /* UIViewController+.swift in Sources */,
			);
			runOnlyForDeploymentPostprocessing = 0;
		};
		6FCFCC3828B197C600500695 /* Sources */ = {
			isa = PBXSourcesBuildPhase;
			buildActionMask = 2147483647;
			files = (
				6FCFCC4128B197C600500695 /* Photos_Test_AssessmentTests.swift in Sources */,
			);
			runOnlyForDeploymentPostprocessing = 0;
		};
		6FCFCC4228B197C600500695 /* Sources */ = {
			isa = PBXSourcesBuildPhase;
			buildActionMask = 2147483647;
			files = (
				6FCFCC4B28B197C600500695 /* Photos_Test_AssessmentUITests.swift in Sources */,
				6FCFCC4D28B197C600500695 /* Photos_Test_AssessmentUITestsLaunchTests.swift in Sources */,
			);
			runOnlyForDeploymentPostprocessing = 0;
		};
/* End PBXSourcesBuildPhase section */

/* Begin PBXTargetDependency section */
		6FCFCC3E28B197C600500695 /* PBXTargetDependency */ = {
			isa = PBXTargetDependency;
			target = 6FCFCC2528B197C500500695 /* Photos Test Assessment */;
			targetProxy = 6FCFCC3D28B197C600500695 /* PBXContainerItemProxy */;
		};
		6FCFCC4828B197C600500695 /* PBXTargetDependency */ = {
			isa = PBXTargetDependency;
			target = 6FCFCC2528B197C500500695 /* Photos Test Assessment */;
			targetProxy = 6FCFCC4728B197C600500695 /* PBXContainerItemProxy */;
		};
/* End PBXTargetDependency section */

/* Begin PBXVariantGroup section */
		6FCFCC3428B197C600500695 /* LaunchScreen.storyboard */ = {
			isa = PBXVariantGroup;
			children = (
				6FCFCC3528B197C600500695 /* Base */,
			);
			name = LaunchScreen.storyboard;
			sourceTree = "<group>";
		};
/* End PBXVariantGroup section */

/* Begin XCBuildConfiguration section */
		6FCFCC4E28B197C600500695 /* Debug */ = {
			isa = XCBuildConfiguration;
			buildSettings = {
				ALWAYS_SEARCH_USER_PATHS = NO;
				CLANG_ANALYZER_NONNULL = YES;
				CLANG_ANALYZER_NUMBER_OBJECT_CONVERSION = YES_AGGRESSIVE;
				CLANG_CXX_LANGUAGE_STANDARD = "gnu++17";
				CLANG_ENABLE_MODULES = YES;
				CLANG_ENABLE_OBJC_ARC = YES;
				CLANG_ENABLE_OBJC_WEAK = YES;
				CLANG_WARN_BLOCK_CAPTURE_AUTORELEASING = YES;
				CLANG_WARN_BOOL_CONVERSION = YES;
				CLANG_WARN_COMMA = YES;
				CLANG_WARN_CONSTANT_CONVERSION = YES;
				CLANG_WARN_DEPRECATED_OBJC_IMPLEMENTATIONS = YES;
				CLANG_WARN_DIRECT_OBJC_ISA_USAGE = YES_ERROR;
				CLANG_WARN_DOCUMENTATION_COMMENTS = YES;
				CLANG_WARN_EMPTY_BODY = YES;
				CLANG_WARN_ENUM_CONVERSION = YES;
				CLANG_WARN_INFINITE_RECURSION = YES;
				CLANG_WARN_INT_CONVERSION = YES;
				CLANG_WARN_NON_LITERAL_NULL_CONVERSION = YES;
				CLANG_WARN_OBJC_IMPLICIT_RETAIN_SELF = YES;
				CLANG_WARN_OBJC_LITERAL_CONVERSION = YES;
				CLANG_WARN_OBJC_ROOT_CLASS = YES_ERROR;
				CLANG_WARN_QUOTED_INCLUDE_IN_FRAMEWORK_HEADER = YES;
				CLANG_WARN_RANGE_LOOP_ANALYSIS = YES;
				CLANG_WARN_STRICT_PROTOTYPES = YES;
				CLANG_WARN_SUSPICIOUS_MOVE = YES;
				CLANG_WARN_UNGUARDED_AVAILABILITY = YES_AGGRESSIVE;
				CLANG_WARN_UNREACHABLE_CODE = YES;
				CLANG_WARN__DUPLICATE_METHOD_MATCH = YES;
				COPY_PHASE_STRIP = NO;
				DEBUG_INFORMATION_FORMAT = dwarf;
				ENABLE_STRICT_OBJC_MSGSEND = YES;
				ENABLE_TESTABILITY = YES;
				GCC_C_LANGUAGE_STANDARD = gnu11;
				GCC_DYNAMIC_NO_PIC = NO;
				GCC_NO_COMMON_BLOCKS = YES;
				GCC_OPTIMIZATION_LEVEL = 0;
				GCC_PREPROCESSOR_DEFINITIONS = (
					"DEBUG=1",
					"$(inherited)",
				);
				GCC_WARN_64_TO_32_BIT_CONVERSION = YES;
				GCC_WARN_ABOUT_RETURN_TYPE = YES_ERROR;
				GCC_WARN_UNDECLARED_SELECTOR = YES;
				GCC_WARN_UNINITIALIZED_AUTOS = YES_AGGRESSIVE;
				GCC_WARN_UNUSED_FUNCTION = YES;
				GCC_WARN_UNUSED_VARIABLE = YES;
				IPHONEOS_DEPLOYMENT_TARGET = 16.0;
				MTL_ENABLE_DEBUG_INFO = INCLUDE_SOURCE;
				MTL_FAST_MATH = YES;
				ONLY_ACTIVE_ARCH = YES;
				SDKROOT = iphoneos;
				SWIFT_ACTIVE_COMPILATION_CONDITIONS = DEBUG;
				SWIFT_OPTIMIZATION_LEVEL = "-Onone";
			};
			name = Debug;
		};
		6FCFCC4F28B197C600500695 /* Release */ = {
			isa = XCBuildConfiguration;
			buildSettings = {
				ALWAYS_SEARCH_USER_PATHS = NO;
				CLANG_ANALYZER_NONNULL = YES;
				CLANG_ANALYZER_NUMBER_OBJECT_CONVERSION = YES_AGGRESSIVE;
				CLANG_CXX_LANGUAGE_STANDARD = "gnu++17";
				CLANG_ENABLE_MODULES = YES;
				CLANG_ENABLE_OBJC_ARC = YES;
				CLANG_ENABLE_OBJC_WEAK = YES;
				CLANG_WARN_BLOCK_CAPTURE_AUTORELEASING = YES;
				CLANG_WARN_BOOL_CONVERSION = YES;
				CLANG_WARN_COMMA = YES;
				CLANG_WARN_CONSTANT_CONVERSION = YES;
				CLANG_WARN_DEPRECATED_OBJC_IMPLEMENTATIONS = YES;
				CLANG_WARN_DIRECT_OBJC_ISA_USAGE = YES_ERROR;
				CLANG_WARN_DOCUMENTATION_COMMENTS = YES;
				CLANG_WARN_EMPTY_BODY = YES;
				CLANG_WARN_ENUM_CONVERSION = YES;
				CLANG_WARN_INFINITE_RECURSION = YES;
				CLANG_WARN_INT_CONVERSION = YES;
				CLANG_WARN_NON_LITERAL_NULL_CONVERSION = YES;
				CLANG_WARN_OBJC_IMPLICIT_RETAIN_SELF = YES;
				CLANG_WARN_OBJC_LITERAL_CONVERSION = YES;
				CLANG_WARN_OBJC_ROOT_CLASS = YES_ERROR;
				CLANG_WARN_QUOTED_INCLUDE_IN_FRAMEWORK_HEADER = YES;
				CLANG_WARN_RANGE_LOOP_ANALYSIS = YES;
				CLANG_WARN_STRICT_PROTOTYPES = YES;
				CLANG_WARN_SUSPICIOUS_MOVE = YES;
				CLANG_WARN_UNGUARDED_AVAILABILITY = YES_AGGRESSIVE;
				CLANG_WARN_UNREACHABLE_CODE = YES;
				CLANG_WARN__DUPLICATE_METHOD_MATCH = YES;
				COPY_PHASE_STRIP = NO;
				DEBUG_INFORMATION_FORMAT = "dwarf-with-dsym";
				ENABLE_NS_ASSERTIONS = NO;
				ENABLE_STRICT_OBJC_MSGSEND = YES;
				GCC_C_LANGUAGE_STANDARD = gnu11;
				GCC_NO_COMMON_BLOCKS = YES;
				GCC_WARN_64_TO_32_BIT_CONVERSION = YES;
				GCC_WARN_ABOUT_RETURN_TYPE = YES_ERROR;
				GCC_WARN_UNDECLARED_SELECTOR = YES;
				GCC_WARN_UNINITIALIZED_AUTOS = YES_AGGRESSIVE;
				GCC_WARN_UNUSED_FUNCTION = YES;
				GCC_WARN_UNUSED_VARIABLE = YES;
				IPHONEOS_DEPLOYMENT_TARGET = 16.0;
				MTL_ENABLE_DEBUG_INFO = NO;
				MTL_FAST_MATH = YES;
				SDKROOT = iphoneos;
				SWIFT_COMPILATION_MODE = wholemodule;
				SWIFT_OPTIMIZATION_LEVEL = "-O";
				VALIDATE_PRODUCT = YES;
			};
			name = Release;
		};
		6FCFCC5128B197C600500695 /* Debug */ = {
			isa = XCBuildConfiguration;
			buildSettings = {
				ASSETCATALOG_COMPILER_APPICON_NAME = AppIcon;
				ASSETCATALOG_COMPILER_GLOBAL_ACCENT_COLOR_NAME = AccentColor;
				CODE_SIGN_STYLE = Automatic;
				CURRENT_PROJECT_VERSION = 1;
				DEVELOPMENT_TEAM = "";
				GENERATE_INFOPLIST_FILE = YES;
				INFOPLIST_FILE = "Photos Test Assessment/Info.plist";
				INFOPLIST_KEY_UIApplicationSupportsIndirectInputEvents = YES;
				INFOPLIST_KEY_UILaunchStoryboardName = LaunchScreen;
				INFOPLIST_KEY_UISupportedInterfaceOrientations_iPad = "UIInterfaceOrientationPortrait UIInterfaceOrientationPortraitUpsideDown UIInterfaceOrientationLandscapeLeft UIInterfaceOrientationLandscapeRight";
				INFOPLIST_KEY_UISupportedInterfaceOrientations_iPhone = "UIInterfaceOrientationPortrait UIInterfaceOrientationLandscapeLeft UIInterfaceOrientationLandscapeRight";
				LD_RUNPATH_SEARCH_PATHS = (
					"$(inherited)",
					"@executable_path/Frameworks",
				);
				MARKETING_VERSION = 1.0;
				PRODUCT_BUNDLE_IDENTIFIER = "kanebuckthorpe.Photos-Test-Assessment";
				PRODUCT_NAME = "$(TARGET_NAME)";
				SWIFT_EMIT_LOC_STRINGS = YES;
				SWIFT_VERSION = 5.0;
				TARGETED_DEVICE_FAMILY = "1,2";
			};
			name = Debug;
		};
		6FCFCC5228B197C600500695 /* Release */ = {
			isa = XCBuildConfiguration;
			buildSettings = {
				ASSETCATALOG_COMPILER_APPICON_NAME = AppIcon;
				ASSETCATALOG_COMPILER_GLOBAL_ACCENT_COLOR_NAME = AccentColor;
				CODE_SIGN_STYLE = Automatic;
				CURRENT_PROJECT_VERSION = 1;
				DEVELOPMENT_TEAM = "";
				GENERATE_INFOPLIST_FILE = YES;
				INFOPLIST_FILE = "Photos Test Assessment/Info.plist";
				INFOPLIST_KEY_UIApplicationSupportsIndirectInputEvents = YES;
				INFOPLIST_KEY_UILaunchStoryboardName = LaunchScreen;
				INFOPLIST_KEY_UISupportedInterfaceOrientations_iPad = "UIInterfaceOrientationPortrait UIInterfaceOrientationPortraitUpsideDown UIInterfaceOrientationLandscapeLeft UIInterfaceOrientationLandscapeRight";
				INFOPLIST_KEY_UISupportedInterfaceOrientations_iPhone = "UIInterfaceOrientationPortrait UIInterfaceOrientationLandscapeLeft UIInterfaceOrientationLandscapeRight";
				LD_RUNPATH_SEARCH_PATHS = (
					"$(inherited)",
					"@executable_path/Frameworks",
				);
				MARKETING_VERSION = 1.0;
				PRODUCT_BUNDLE_IDENTIFIER = "kanebuckthorpe.Photos-Test-Assessment";
				PRODUCT_NAME = "$(TARGET_NAME)";
				SWIFT_EMIT_LOC_STRINGS = YES;
				SWIFT_VERSION = 5.0;
				TARGETED_DEVICE_FAMILY = "1,2";
			};
			name = Release;
		};
		6FCFCC5428B197C600500695 /* Debug */ = {
			isa = XCBuildConfiguration;
			buildSettings = {
				ALWAYS_EMBED_SWIFT_STANDARD_LIBRARIES = YES;
				BUNDLE_LOADER = "$(TEST_HOST)";
				CODE_SIGN_STYLE = Automatic;
				CURRENT_PROJECT_VERSION = 1;
				DEVELOPMENT_TEAM = "";
				GENERATE_INFOPLIST_FILE = YES;
				IPHONEOS_DEPLOYMENT_TARGET = 16.0;
				MARKETING_VERSION = 1.0;
				PRODUCT_BUNDLE_IDENTIFIER = "kanebuckthorpe.Photos-Test-AssessmentTests";
				PRODUCT_NAME = "$(TARGET_NAME)";
				SWIFT_EMIT_LOC_STRINGS = NO;
				SWIFT_VERSION = 5.0;
				TARGETED_DEVICE_FAMILY = "1,2";
				TEST_HOST = "$(BUILT_PRODUCTS_DIR)/Photos Test Assessment.app/$(BUNDLE_EXECUTABLE_FOLDER_PATH)/Photos Test Assessment";
			};
			name = Debug;
		};
		6FCFCC5528B197C600500695 /* Release */ = {
			isa = XCBuildConfiguration;
			buildSettings = {
				ALWAYS_EMBED_SWIFT_STANDARD_LIBRARIES = YES;
				BUNDLE_LOADER = "$(TEST_HOST)";
				CODE_SIGN_STYLE = Automatic;
				CURRENT_PROJECT_VERSION = 1;
				DEVELOPMENT_TEAM = "";
				GENERATE_INFOPLIST_FILE = YES;
				IPHONEOS_DEPLOYMENT_TARGET = 16.0;
				MARKETING_VERSION = 1.0;
				PRODUCT_BUNDLE_IDENTIFIER = "kanebuckthorpe.Photos-Test-AssessmentTests";
				PRODUCT_NAME = "$(TARGET_NAME)";
				SWIFT_EMIT_LOC_STRINGS = NO;
				SWIFT_VERSION = 5.0;
				TARGETED_DEVICE_FAMILY = "1,2";
				TEST_HOST = "$(BUILT_PRODUCTS_DIR)/Photos Test Assessment.app/$(BUNDLE_EXECUTABLE_FOLDER_PATH)/Photos Test Assessment";
			};
			name = Release;
		};
		6FCFCC5728B197C600500695 /* Debug */ = {
			isa = XCBuildConfiguration;
			buildSettings = {
				ALWAYS_EMBED_SWIFT_STANDARD_LIBRARIES = YES;
				CODE_SIGN_STYLE = Automatic;
				CURRENT_PROJECT_VERSION = 1;
				DEVELOPMENT_TEAM = "";
				GENERATE_INFOPLIST_FILE = YES;
				MARKETING_VERSION = 1.0;
				PRODUCT_BUNDLE_IDENTIFIER = "kanebuckthorpe.Photos-Test-AssessmentUITests";
				PRODUCT_NAME = "$(TARGET_NAME)";
				SWIFT_EMIT_LOC_STRINGS = NO;
				SWIFT_VERSION = 5.0;
				TARGETED_DEVICE_FAMILY = "1,2";
				TEST_TARGET_NAME = "Photos Test Assessment";
			};
			name = Debug;
		};
		6FCFCC5828B197C600500695 /* Release */ = {
			isa = XCBuildConfiguration;
			buildSettings = {
				ALWAYS_EMBED_SWIFT_STANDARD_LIBRARIES = YES;
				CODE_SIGN_STYLE = Automatic;
				CURRENT_PROJECT_VERSION = 1;
				DEVELOPMENT_TEAM = "";
				GENERATE_INFOPLIST_FILE = YES;
				MARKETING_VERSION = 1.0;
				PRODUCT_BUNDLE_IDENTIFIER = "kanebuckthorpe.Photos-Test-AssessmentUITests";
				PRODUCT_NAME = "$(TARGET_NAME)";
				SWIFT_EMIT_LOC_STRINGS = NO;
				SWIFT_VERSION = 5.0;
				TARGETED_DEVICE_FAMILY = "1,2";
				TEST_TARGET_NAME = "Photos Test Assessment";
			};
			name = Release;
		};
/* End XCBuildConfiguration section */

/* Begin XCConfigurationList section */
		6FCFCC2128B197C500500695 /* Build configuration list for PBXProject "Photos Test Assessment" */ = {
			isa = XCConfigurationList;
			buildConfigurations = (
				6FCFCC4E28B197C600500695 /* Debug */,
				6FCFCC4F28B197C600500695 /* Release */,
			);
			defaultConfigurationIsVisible = 0;
			defaultConfigurationName = Release;
		};
		6FCFCC5028B197C600500695 /* Build configuration list for PBXNativeTarget "Photos Test Assessment" */ = {
			isa = XCConfigurationList;
			buildConfigurations = (
				6FCFCC5128B197C600500695 /* Debug */,
				6FCFCC5228B197C600500695 /* Release */,
			);
			defaultConfigurationIsVisible = 0;
			defaultConfigurationName = Release;
		};
		6FCFCC5328B197C600500695 /* Build configuration list for PBXNativeTarget "Photos Test AssessmentTests" */ = {
			isa = XCConfigurationList;
			buildConfigurations = (
				6FCFCC5428B197C600500695 /* Debug */,
				6FCFCC5528B197C600500695 /* Release */,
			);
			defaultConfigurationIsVisible = 0;
			defaultConfigurationName = Release;
		};
		6FCFCC5628B197C600500695 /* Build configuration list for PBXNativeTarget "Photos Test AssessmentUITests" */ = {
			isa = XCConfigurationList;
			buildConfigurations = (
				6FCFCC5728B197C600500695 /* Debug */,
				6FCFCC5828B197C600500695 /* Release */,
			);
			defaultConfigurationIsVisible = 0;
			defaultConfigurationName = Release;
		};
/* End XCConfigurationList section */
	};
	rootObject = 6FCFCC1E28B197C500500695 /* Project object */;
}
